{
    "version": 3,
    "terraform_version": "0.11.10",
    "serial": 6,
    "lineage": "974a1fe4-3b67-da09-b784-0c402c359347",
    "modules": [
        {
            "path": [
                "root"
            ],
            "outputs": {},
            "resources": {},
            "depends_on": []
        },
        {
            "path": [
                "root",
                "ec2_cluster"
            ],
            "outputs": {
                "availability_zone": {
                    "sensitive": false,
                    "type": "list",
                    "value": [
                        "us-east-2c",
                        "us-east-2c"
                    ]
                },
                "credit_specification": {
                    "sensitive": false,
                    "type": "list",
                    "value": [
                        [
                            {
                                "cpu_credits": "standard"
                            }
                        ],
                        [
                            {
                                "cpu_credits": "standard"
                            }
                        ]
                    ]
                },
                "id": {
                    "sensitive": false,
                    "type": "list",
                    "value": [
                        "i-06a2ed4418c0140d2",
                        "i-00bfe56be6100027e"
                    ]
                },
                "key_name": {
                    "sensitive": false,
                    "type": "list",
                    "value": [
                        "SSHKEY",
                        "SSHKEY"
                    ]
                },
                "network_interface_id": {
                    "sensitive": false,
                    "type": "list",
                    "value": [
                        "eni-0c337b9de6e1a5630",
                        "eni-050650d3da0ef7d20"
                    ]
                },
                "primary_network_interface_id": {
                    "sensitive": false,
                    "type": "list",
                    "value": [
                        "eni-0c337b9de6e1a5630",
                        "eni-050650d3da0ef7d20"
                    ]
                },
                "private_dns": {
                    "sensitive": false,
                    "type": "list",
                    "value": [
                        "ip-172-31-33-2.us-east-2.compute.internal",
                        "ip-172-31-38-129.us-east-2.compute.internal"
                    ]
                },
                "private_ip": {
                    "sensitive": false,
                    "type": "list",
                    "value": [
                        "172.31.33.2",
                        "172.31.38.129"
                    ]
                },
                "public_dns": {
                    "sensitive": false,
                    "type": "list",
                    "value": []
                },
                "public_ip": {
                    "sensitive": false,
                    "type": "list",
                    "value": []
                },
                "security_groups": {
                    "sensitive": false,
                    "type": "list",
                    "value": [
                        "launch-wizard-1",
                        "launch-wizard-1"
                    ]
                },
                "subnet_id": {
                    "sensitive": false,
                    "type": "list",
                    "value": [
                        "subnet-32d8207e",
                        "subnet-32d8207e"
                    ]
                },
                "tags": {
                    "sensitive": false,
                    "type": "list",
                    "value": [
                        {
                            "Environment": "dev",
                            "Name": "my-cluster-1",
                            "Terraform": "1"
                        },
                        {
                            "Environment": "dev",
                            "Name": "my-cluster-2",
                            "Terraform": "1"
                        }
                    ]
                },
                "vpc_security_group_ids": {
                    "sensitive": false,
                    "type": "list",
                    "value": [
                        "sg-0bc39239ec5b00e85",
                        "sg-0bc39239ec5b00e85"
                    ]
                }
            },
            "resources": {
                "aws_instance.this_t2.0": {
                    "type": "aws_instance",
                    "depends_on": [
                        "local.is_t_instance_type"
                    ],
                    "primary": {
                        "id": "i-06a2ed4418c0140d2",
                        "attributes": {
                            "ami": "ami-0b59bfac6be064b78",
                            "arn": "arn:aws:ec2:us-east-2:234471612122:instance/i-06a2ed4418c0140d2",
                            "associate_public_ip_address": "false",
                            "availability_zone": "us-east-2c",
                            "cpu_core_count": "1",
                            "cpu_threads_per_core": "1",
                            "credit_specification.#": "1",
                            "credit_specification.0.cpu_credits": "standard",
                            "disable_api_termination": "false",
                            "ebs_block_device.#": "0",
                            "ebs_optimized": "false",
                            "ephemeral_block_device.#": "0",
                            "get_password_data": "false",
                            "iam_instance_profile": "",
                            "id": "i-06a2ed4418c0140d2",
                            "instance_state": "running",
                            "instance_type": "t2.micro",
                            "ipv6_address_count": "0",
                            "ipv6_addresses.#": "0",
                            "key_name": "SSHKEY",
                            "monitoring": "true",
                            "network_interface.#": "0",
                            "network_interface_id": "eni-0c337b9de6e1a5630",
                            "password_data": "",
                            "placement_group": "",
                            "primary_network_interface_id": "eni-0c337b9de6e1a5630",
                            "private_dns": "ip-172-31-33-2.us-east-2.compute.internal",
                            "private_ip": "172.31.33.2",
                            "public_dns": "",
                            "public_ip": "",
                            "root_block_device.#": "1",
                            "root_block_device.0.delete_on_termination": "true",
                            "root_block_device.0.iops": "100",
                            "root_block_device.0.volume_id": "vol-0f32e136e9e65b323",
                            "root_block_device.0.volume_size": "8",
                            "root_block_device.0.volume_type": "gp2",
                            "security_groups.#": "1",
                            "security_groups.2525401260": "launch-wizard-1",
                            "source_dest_check": "true",
                            "subnet_id": "subnet-32d8207e",
                            "tags.%": "3",
                            "tags.Environment": "dev",
                            "tags.Name": "my-cluster-1",
                            "tags.Terraform": "true",
                            "tenancy": "default",
                            "volume_tags.%": "0",
                            "vpc_security_group_ids.#": "1",
                            "vpc_security_group_ids.391846869": "sg-0bc39239ec5b00e85"
                        },
                        "meta": {
                            "e2bfb730-ecaa-11e6-8f88-34363bc7c4c0": {
                                "create": 600000000000,
                                "delete": 1200000000000,
                                "update": 600000000000
                            },
                            "schema_version": "1"
                        },
                        "tainted": false
                    },
                    "deposed": [],
                    "provider": "provider.aws"
                },
                "aws_instance.this_t2.1": {
                    "type": "aws_instance",
                    "depends_on": [
                        "local.is_t_instance_type"
                    ],
                    "primary": {
                        "id": "i-00bfe56be6100027e",
                        "attributes": {
                            "ami": "ami-0b59bfac6be064b78",
                            "arn": "arn:aws:ec2:us-east-2:234471612122:instance/i-00bfe56be6100027e",
                            "associate_public_ip_address": "false",
                            "availability_zone": "us-east-2c",
                            "cpu_core_count": "1",
                            "cpu_threads_per_core": "1",
                            "credit_specification.#": "1",
                            "credit_specification.0.cpu_credits": "standard",
                            "disable_api_termination": "false",
                            "ebs_block_device.#": "0",
                            "ebs_optimized": "false",
                            "ephemeral_block_device.#": "0",
                            "get_password_data": "false",
                            "iam_instance_profile": "",
                            "id": "i-00bfe56be6100027e",
                            "instance_state": "running",
                            "instance_type": "t2.micro",
                            "ipv6_address_count": "0",
                            "ipv6_addresses.#": "0",
                            "key_name": "SSHKEY",
                            "monitoring": "true",
                            "network_interface.#": "0",
                            "network_interface_id": "eni-050650d3da0ef7d20",
                            "password_data": "",
                            "placement_group": "",
                            "primary_network_interface_id": "eni-050650d3da0ef7d20",
                            "private_dns": "ip-172-31-38-129.us-east-2.compute.internal",
                            "private_ip": "172.31.38.129",
                            "public_dns": "",
                            "public_ip": "",
                            "root_block_device.#": "1",
                            "root_block_device.0.delete_on_termination": "true",
                            "root_block_device.0.iops": "100",
                            "root_block_device.0.volume_id": "vol-0a92fbb5f291063c0",
                            "root_block_device.0.volume_size": "8",
                            "root_block_device.0.volume_type": "gp2",
                            "security_groups.#": "1",
                            "security_groups.2525401260": "launch-wizard-1",
                            "source_dest_check": "true",
                            "subnet_id": "subnet-32d8207e",
                            "tags.%": "3",
                            "tags.Environment": "dev",
                            "tags.Name": "my-cluster-2",
                            "tags.Terraform": "true",
                            "tenancy": "default",
                            "volume_tags.%": "0",
                            "vpc_security_group_ids.#": "1",
                            "vpc_security_group_ids.391846869": "sg-0bc39239ec5b00e85"
                        },
                        "meta": {
                            "e2bfb730-ecaa-11e6-8f88-34363bc7c4c0": {
                                "create": 600000000000,
                                "delete": 1200000000000,
                                "update": 600000000000
                            },
                            "schema_version": "1"
                        },
                        "tainted": false
                    },
                    "deposed": [],
                    "provider": "provider.aws"
                }
            },
            "depends_on": []
        },
        {
            "path": [
                "root",
                "security-group"
            ],
            "outputs": {
                "this_security_group_description": {
                    "sensitive": false,
                    "type": "string",
                    "value": "Security group for Terraform"
                },
                "this_security_group_id": {
                    "sensitive": false,
                    "type": "string",
                    "value": "sg-0154666e11ab39a41"
                },
                "this_security_group_name": {
                    "sensitive": false,
                    "type": "string",
                    "value": "Terraform-20181105235628106400000002"
                },
                "this_security_group_owner_id": {
                    "sensitive": false,
                    "type": "string",
                    "value": "234471612122"
                },
                "this_security_group_vpc_id": {
                    "sensitive": false,
                    "type": "string",
                    "value": "vpc-5d0e3d35"
                }
            },
            "resources": {
                "aws_security_group.this_name_prefix": {
                    "type": "aws_security_group",
                    "depends_on": [],
                    "primary": {
                        "id": "sg-0154666e11ab39a41",
                        "attributes": {
                            "arn": "arn:aws:ec2:us-east-2:234471612122:security-group/sg-0154666e11ab39a41",
                            "description": "Security group for Terraform",
                            "egress.#": "0",
                            "id": "sg-0154666e11ab39a41",
                            "ingress.#": "0",
                            "name": "Terraform-20181105235628106400000002",
                            "name_prefix": "Terraform-",
                            "owner_id": "234471612122",
                            "revoke_rules_on_delete": "false",
                            "tags.%": "1",
                            "tags.Name": "Terraform",
                            "vpc_id": "vpc-5d0e3d35"
                        },
                        "meta": {
                            "e2bfb730-ecaa-11e6-8f88-34363bc7c4c0": {
                                "create": 600000000000,
                                "delete": 600000000000
                            },
                            "schema_version": "1"
                        },
                        "tainted": false
                    },
                    "deposed": [],
                    "provider": "provider.aws"
                }
            },
            "depends_on": []
        },
        {
            "path": [
                "root",
                "web_server_sg"
            ],
            "outputs": {
                "this_security_group_description": {
                    "sensitive": false,
                    "type": "string",
                    "value": "Terraform"
                },
                "this_security_group_id": {
                    "sensitive": false,
                    "type": "string",
                    "value": "sg-0d513d64f93b0b067"
                },
                "this_security_group_name": {
                    "sensitive": false,
                    "type": "string",
                    "value": "Terraform-20181105235628106400000001"
                },
                "this_security_group_owner_id": {
                    "sensitive": false,
                    "type": "string",
                    "value": "234471612122"
                },
                "this_security_group_vpc_id": {
                    "sensitive": false,
                    "type": "string",
                    "value": "vpc-5d0e3d35"
                }
            },
            "resources": {},
            "depends_on": []
        },
        {
            "path": [
                "root",
                "web_server_sg",
                "sg"
            ],
            "outputs": {
                "this_security_group_description": {
                    "sensitive": false,
                    "type": "string",
                    "value": "Terraform"
                },
                "this_security_group_id": {
                    "sensitive": false,
                    "type": "string",
                    "value": "sg-0d513d64f93b0b067"
                },
                "this_security_group_name": {
                    "sensitive": false,
                    "type": "string",
                    "value": "Terraform-20181105235628106400000001"
                },
                "this_security_group_owner_id": {
                    "sensitive": false,
                    "type": "string",
                    "value": "234471612122"
                },
                "this_security_group_vpc_id": {
                    "sensitive": false,
                    "type": "string",
                    "value": "vpc-5d0e3d35"
                }
            },
            "resources": {
                "aws_security_group.this_name_prefix": {
                    "type": "aws_security_group",
                    "depends_on": [],
                    "primary": {
                        "id": "sg-0d513d64f93b0b067",
                        "attributes": {
                            "arn": "arn:aws:ec2:us-east-2:234471612122:security-group/sg-0d513d64f93b0b067",
                            "description": "Terraform",
                            "egress.#": "0",
                            "id": "sg-0d513d64f93b0b067",
                            "ingress.#": "0",
                            "name": "Terraform-20181105235628106400000001",
                            "name_prefix": "Terraform-",
                            "owner_id": "234471612122",
                            "revoke_rules_on_delete": "false",
                            "tags.%": "1",
                            "tags.Name": "Terraform",
                            "vpc_id": "vpc-5d0e3d35"
                        },
                        "meta": {
                            "e2bfb730-ecaa-11e6-8f88-34363bc7c4c0": {
                                "create": 600000000000,
                                "delete": 600000000000
                            },
                            "schema_version": "1"
                        },
                        "tainted": false
                    },
                    "deposed": [],
                    "provider": "provider.aws"
                },
                "aws_security_group_rule.egress_rules": {
                    "type": "aws_security_group_rule",
                    "depends_on": [
                        "local.this_sg_id"
                    ],
                    "primary": {
                        "id": "sgrule-848288565",
                        "attributes": {
                            "cidr_blocks.#": "1",
                            "cidr_blocks.0": "0.0.0.0/0",
                            "description": "All protocols",
                            "from_port": "-1",
                            "id": "sgrule-848288565",
                            "ipv6_cidr_blocks.#": "1",
                            "ipv6_cidr_blocks.0": "::/0",
                            "protocol": "-1",
                            "security_group_id": "sg-0d513d64f93b0b067",
                            "self": "false",
                            "to_port": "-1",
                            "type": "egress"
                        },
                        "meta": {
                            "schema_version": "2"
                        },
                        "tainted": false
                    },
                    "deposed": [],
                    "provider": "provider.aws"
                },
                "aws_security_group_rule.ingress_rules": {
                    "type": "aws_security_group_rule",
                    "depends_on": [
                        "local.this_sg_id"
                    ],
                    "primary": {
                        "id": "sgrule-4200290661",
                        "attributes": {
                            "cidr_blocks.#": "1",
                            "cidr_blocks.0": "10.10.0.0/16",
                            "description": "HTTP",
                            "from_port": "80",
                            "id": "sgrule-4200290661",
                            "protocol": "tcp",
                            "security_group_id": "sg-0d513d64f93b0b067",
                            "self": "false",
                            "to_port": "80",
                            "type": "ingress"
                        },
                        "meta": {
                            "schema_version": "2"
                        },
                        "tainted": false
                    },
                    "deposed": [],
                    "provider": "provider.aws"
                },
                "aws_security_group_rule.ingress_with_self": {
                    "type": "aws_security_group_rule",
                    "depends_on": [
                        "local.this_sg_id"
                    ],
                    "primary": {
                        "id": "sgrule-276866603",
                        "attributes": {
                            "description": "Ingress Rule",
                            "from_port": "-1",
                            "id": "sgrule-276866603",
                            "protocol": "-1",
                            "security_group_id": "sg-0d513d64f93b0b067",
                            "self": "true",
                            "to_port": "-1",
                            "type": "ingress"
                        },
                        "meta": {
                            "schema_version": "2"
                        },
                        "tainted": false
                    },
                    "deposed": [],
                    "provider": "provider.aws"
                }
            },
            "depends_on": []
        }
    ]
}
